
Microsoft Visual Studio Solution File, Format Version 12.00
# Visual Studio Version 16
VisualStudioVersion = 16.0.28803.452
MinimumVisualStudioVersion = 10.0.40219.1
Project("{2150E333-8FDC-42A3-9474-1A3956D46DE8}") = "1.webview", "1.webview", "{BAD0E90D-5664-4CD4-8DAF-1780DDA2DA19}"
EndProject
Project("{9A19103F-16F7-4668-BE54-9A1E7A4F7556}") = "ShopWebPC", "1.webview\ShopWebPC\ShopWebPC.csproj", "{812B12BA-2BFA-4C8D-A219-7607154F6238}"
	ProjectSection(ProjectDependencies) = postProject
		{EAD3DF98-A56F-4114-9AC5-3955E96EB7E0} = {EAD3DF98-A56F-4114-9AC5-3955E96EB7E0}
		{98A81ECB-BE8D-4F3A-801C-6E93D5FDD368} = {98A81ECB-BE8D-4F3A-801C-6E93D5FDD368}
	EndProjectSection
EndProject
Project("{2150E333-8FDC-42A3-9474-1A3956D46DE8}") = "2.PushPipe", "2.PushPipe", "{A2866CE8-F13F-48BF-B9EC-AF9F556BBE2C}"
EndProject
Project("{9A19103F-16F7-4668-BE54-9A1E7A4F7556}") = "WebAPI", "1.webview\WebAPI\WebAPI.csproj", "{F2C2033D-D233-41E3-BA1B-819BDC6404FA}"
EndProject
Project("{9A19103F-16F7-4668-BE54-9A1E7A4F7556}") = "PushService", "2.PushPipe\PushService\PushService.csproj", "{9BB0C5E7-BE63-4EC8-B0DF-C48C9B56A41B}"
EndProject
Project("{9A19103F-16F7-4668-BE54-9A1E7A4F7556}") = "PushShop", "2.PushPipe\PushShop\PushShop.csproj", "{87E402A5-2785-4C5F-9C08-F71BC76FD1D3}"
EndProject
Project("{2150E333-8FDC-42A3-9474-1A3956D46DE8}") = "3.Src", "3.Src", "{F6017833-7A7A-4B7A-BE0C-A551125C1FC1}"
EndProject
Project("{9A19103F-16F7-4668-BE54-9A1E7A4F7556}") = "IdentityServerWeb", "3.Src\IdentityServerWeb\IdentityServerWeb.csproj", "{5BD7D7D5-D625-4EA3-A810-139329AE9D3A}"
EndProject
Project("{2150E333-8FDC-42A3-9474-1A3956D46DE8}") = "4.libraries", "4.libraries", "{0C269B89-A49C-40B7-A471-BA533C43C722}"
EndProject
Project("{9A19103F-16F7-4668-BE54-9A1E7A4F7556}") = "ShopMall.Common", "4.libraries\ShopMall.Common\ShopMall.Common.csproj", "{681656BA-0CFC-41AC-B218-42A54A39FD7E}"
EndProject
Project("{9A19103F-16F7-4668-BE54-9A1E7A4F7556}") = "ShopMall.FrameWork", "4.libraries\ShopMall.FrameWork\ShopMall.FrameWork.csproj", "{E2E5A9C1-9879-4525-8BC0-BA52AE9DA198}"
EndProject
Project("{9A19103F-16F7-4668-BE54-9A1E7A4F7556}") = "ShopMall.IRepository", "4.libraries\ShopMall.IRepository\ShopMall.IRepository.csproj", "{98A81ECB-BE8D-4F3A-801C-6E93D5FDD368}"
EndProject
Project("{9A19103F-16F7-4668-BE54-9A1E7A4F7556}") = "ShopMall.IServices", "4.libraries\ShopMall.IServices\ShopMall.IServices.csproj", "{EAD3DF98-A56F-4114-9AC5-3955E96EB7E0}"
EndProject
Project("{9A19103F-16F7-4668-BE54-9A1E7A4F7556}") = "ShopMall.Model", "4.libraries\ShopMall.Model\ShopMall.Model.csproj", "{D26A1B50-8DF4-43B6-8A46-FE51487C426F}"
EndProject
Project("{9A19103F-16F7-4668-BE54-9A1E7A4F7556}") = "ShopMall.Repository", "4.libraries\ShopMall.Repository\ShopMall.Repository.csproj", "{D880445D-D5E0-42F5-9AD9-87A22DF04F82}"
EndProject
Project("{9A19103F-16F7-4668-BE54-9A1E7A4F7556}") = "ShopMall.Services", "4.libraries\ShopMall.Services\ShopMall.Services.csproj", "{A7E47EBA-97AC-41DF-B565-E465988B8D2F}"
EndProject
Global
	GlobalSection(SolutionConfigurationPlatforms) = preSolution
		Debug|Any CPU = Debug|Any CPU
		Release|Any CPU = Release|Any CPU
	EndGlobalSection
	GlobalSection(ProjectConfigurationPlatforms) = postSolution
		{812B12BA-2BFA-4C8D-A219-7607154F6238}.Debug|Any CPU.ActiveCfg = Debug|Any CPU
		{812B12BA-2BFA-4C8D-A219-7607154F6238}.Debug|Any CPU.Build.0 = Debug|Any CPU
		{812B12BA-2BFA-4C8D-A219-7607154F6238}.Release|Any CPU.ActiveCfg = Release|Any CPU
		{812B12BA-2BFA-4C8D-A219-7607154F6238}.Release|Any CPU.Build.0 = Release|Any CPU
		{F2C2033D-D233-41E3-BA1B-819BDC6404FA}.Debug|Any CPU.ActiveCfg = Debug|Any CPU
		{F2C2033D-D233-41E3-BA1B-819BDC6404FA}.Debug|Any CPU.Build.0 = Debug|Any CPU
		{F2C2033D-D233-41E3-BA1B-819BDC6404FA}.Release|Any CPU.ActiveCfg = Release|Any CPU
		{F2C2033D-D233-41E3-BA1B-819BDC6404FA}.Release|Any CPU.Build.0 = Release|Any CPU
		{9BB0C5E7-BE63-4EC8-B0DF-C48C9B56A41B}.Debug|Any CPU.ActiveCfg = Debug|Any CPU
		{9BB0C5E7-BE63-4EC8-B0DF-C48C9B56A41B}.Debug|Any CPU.Build.0 = Debug|Any CPU
		{9BB0C5E7-BE63-4EC8-B0DF-C48C9B56A41B}.Release|Any CPU.ActiveCfg = Release|Any CPU
		{9BB0C5E7-BE63-4EC8-B0DF-C48C9B56A41B}.Release|Any CPU.Build.0 = Release|Any CPU
		{87E402A5-2785-4C5F-9C08-F71BC76FD1D3}.Debug|Any CPU.ActiveCfg = Debug|Any CPU
		{87E402A5-2785-4C5F-9C08-F71BC76FD1D3}.Debug|Any CPU.Build.0 = Debug|Any CPU
		{87E402A5-2785-4C5F-9C08-F71BC76FD1D3}.Release|Any CPU.ActiveCfg = Release|Any CPU
		{87E402A5-2785-4C5F-9C08-F71BC76FD1D3}.Release|Any CPU.Build.0 = Release|Any CPU
		{5BD7D7D5-D625-4EA3-A810-139329AE9D3A}.Debug|Any CPU.ActiveCfg = Debug|Any CPU
		{5BD7D7D5-D625-4EA3-A810-139329AE9D3A}.Debug|Any CPU.Build.0 = Debug|Any CPU
		{5BD7D7D5-D625-4EA3-A810-139329AE9D3A}.Release|Any CPU.ActiveCfg = Release|Any CPU
		{5BD7D7D5-D625-4EA3-A810-139329AE9D3A}.Release|Any CPU.Build.0 = Release|Any CPU
		{681656BA-0CFC-41AC-B218-42A54A39FD7E}.Debug|Any CPU.ActiveCfg = Debug|Any CPU
		{681656BA-0CFC-41AC-B218-42A54A39FD7E}.Debug|Any CPU.Build.0 = Debug|Any CPU
		{681656BA-0CFC-41AC-B218-42A54A39FD7E}.Release|Any CPU.ActiveCfg = Release|Any CPU
		{681656BA-0CFC-41AC-B218-42A54A39FD7E}.Release|Any CPU.Build.0 = Release|Any CPU
		{E2E5A9C1-9879-4525-8BC0-BA52AE9DA198}.Debug|Any CPU.ActiveCfg = Debug|Any CPU
		{E2E5A9C1-9879-4525-8BC0-BA52AE9DA198}.Debug|Any CPU.Build.0 = Debug|Any CPU
		{E2E5A9C1-9879-4525-8BC0-BA52AE9DA198}.Release|Any CPU.ActiveCfg = Release|Any CPU
		{E2E5A9C1-9879-4525-8BC0-BA52AE9DA198}.Release|Any CPU.Build.0 = Release|Any CPU
		{98A81ECB-BE8D-4F3A-801C-6E93D5FDD368}.Debug|Any CPU.ActiveCfg = Debug|Any CPU
		{98A81ECB-BE8D-4F3A-801C-6E93D5FDD368}.Debug|Any CPU.Build.0 = Debug|Any CPU
		{98A81ECB-BE8D-4F3A-801C-6E93D5FDD368}.Release|Any CPU.ActiveCfg = Release|Any CPU
		{98A81ECB-BE8D-4F3A-801C-6E93D5FDD368}.Release|Any CPU.Build.0 = Release|Any CPU
		{EAD3DF98-A56F-4114-9AC5-3955E96EB7E0}.Debug|Any CPU.ActiveCfg = Debug|Any CPU
		{EAD3DF98-A56F-4114-9AC5-3955E96EB7E0}.Debug|Any CPU.Build.0 = Debug|Any CPU
		{EAD3DF98-A56F-4114-9AC5-3955E96EB7E0}.Release|Any CPU.ActiveCfg = Release|Any CPU
		{EAD3DF98-A56F-4114-9AC5-3955E96EB7E0}.Release|Any CPU.Build.0 = Release|Any CPU
		{D26A1B50-8DF4-43B6-8A46-FE51487C426F}.Debug|Any CPU.ActiveCfg = Debug|Any CPU
		{D26A1B50-8DF4-43B6-8A46-FE51487C426F}.Debug|Any CPU.Build.0 = Debug|Any CPU
		{D26A1B50-8DF4-43B6-8A46-FE51487C426F}.Release|Any CPU.ActiveCfg = Release|Any CPU
		{D26A1B50-8DF4-43B6-8A46-FE51487C426F}.Release|Any CPU.Build.0 = Release|Any CPU
		{D880445D-D5E0-42F5-9AD9-87A22DF04F82}.Debug|Any CPU.ActiveCfg = Debug|Any CPU
		{D880445D-D5E0-42F5-9AD9-87A22DF04F82}.Debug|Any CPU.Build.0 = Debug|Any CPU
		{D880445D-D5E0-42F5-9AD9-87A22DF04F82}.Release|Any CPU.ActiveCfg = Release|Any CPU
		{D880445D-D5E0-42F5-9AD9-87A22DF04F82}.Release|Any CPU.Build.0 = Release|Any CPU
		{A7E47EBA-97AC-41DF-B565-E465988B8D2F}.Debug|Any CPU.ActiveCfg = Debug|Any CPU
		{A7E47EBA-97AC-41DF-B565-E465988B8D2F}.Debug|Any CPU.Build.0 = Debug|Any CPU
		{A7E47EBA-97AC-41DF-B565-E465988B8D2F}.Release|Any CPU.ActiveCfg = Release|Any CPU
		{A7E47EBA-97AC-41DF-B565-E465988B8D2F}.Release|Any CPU.Build.0 = Release|Any CPU
	EndGlobalSection
	GlobalSection(SolutionProperties) = preSolution
		HideSolutionNode = FALSE
	EndGlobalSection
	GlobalSection(NestedProjects) = preSolution
		{812B12BA-2BFA-4C8D-A219-7607154F6238} = {BAD0E90D-5664-4CD4-8DAF-1780DDA2DA19}
		{F2C2033D-D233-41E3-BA1B-819BDC6404FA} = {BAD0E90D-5664-4CD4-8DAF-1780DDA2DA19}
		{9BB0C5E7-BE63-4EC8-B0DF-C48C9B56A41B} = {A2866CE8-F13F-48BF-B9EC-AF9F556BBE2C}
		{87E402A5-2785-4C5F-9C08-F71BC76FD1D3} = {A2866CE8-F13F-48BF-B9EC-AF9F556BBE2C}
		{5BD7D7D5-D625-4EA3-A810-139329AE9D3A} = {F6017833-7A7A-4B7A-BE0C-A551125C1FC1}
		{681656BA-0CFC-41AC-B218-42A54A39FD7E} = {0C269B89-A49C-40B7-A471-BA533C43C722}
		{E2E5A9C1-9879-4525-8BC0-BA52AE9DA198} = {0C269B89-A49C-40B7-A471-BA533C43C722}
		{98A81ECB-BE8D-4F3A-801C-6E93D5FDD368} = {0C269B89-A49C-40B7-A471-BA533C43C722}
		{EAD3DF98-A56F-4114-9AC5-3955E96EB7E0} = {0C269B89-A49C-40B7-A471-BA533C43C722}
		{D26A1B50-8DF4-43B6-8A46-FE51487C426F} = {0C269B89-A49C-40B7-A471-BA533C43C722}
		{D880445D-D5E0-42F5-9AD9-87A22DF04F82} = {0C269B89-A49C-40B7-A471-BA533C43C722}
		{A7E47EBA-97AC-41DF-B565-E465988B8D2F} = {0C269B89-A49C-40B7-A471-BA533C43C722}
	EndGlobalSection
	GlobalSection(ExtensibilityGlobals) = postSolution
		SolutionGuid = {51496BD3-31BE-4904-8832-AC42D2B52AEE}
	EndGlobalSection
EndGlobal
